
Microsoft Visual Studio Solution File, Format Version 12.00
# Visual Studio Version 17
VisualStudioVersion = 17.8.34511.84
MinimumVisualStudioVersion = 10.0.40219.1
Project("{FAE04EC0-301F-11D3-BF4B-00C04F79EFBC}") = "DiamondShopSystem(SWD392)", "DiamondShopSystem(SWD392)\DiamondShopSystem(SWD392).csproj", "{C63211FD-AD15-4525-A295-0FBE3F89BC63}"
EndProject
Project("{FAE04EC0-301F-11D3-BF4B-00C04F79EFBC}") = "Domain", "Domain\Domain.csproj", "{491E705E-874D-45A3-980A-890FFDA536B4}"
EndProject
Project("{FAE04EC0-301F-11D3-BF4B-00C04F79EFBC}") = "Application", "Application\Application.csproj", "{8FB14DCD-3052-45FA-9779-74F1F9AA02B0}"
EndProject
Project("{FAE04EC0-301F-11D3-BF4B-00C04F79EFBC}") = "Infrastructures", "Infrastructures\Infrastructures.csproj", "{C50C5D1B-B3C4-4AEB-9AE2-B474D6F50C4F}"
EndProject
Global
	GlobalSection(SolutionConfigurationPlatforms) = preSolution
		Debug|Any CPU = Debug|Any CPU
		Release|Any CPU = Release|Any CPU
	EndGlobalSection
	GlobalSection(ProjectConfigurationPlatforms) = postSolution
		{C63211FD-AD15-4525-A295-0FBE3F89BC63}.Debug|Any CPU.ActiveCfg = Debug|Any CPU
		{C63211FD-AD15-4525-A295-0FBE3F89BC63}.Debug|Any CPU.Build.0 = Debug|Any CPU
		{C63211FD-AD15-4525-A295-0FBE3F89BC63}.Release|Any CPU.ActiveCfg = Release|Any CPU
		{C63211FD-AD15-4525-A295-0FBE3F89BC63}.Release|Any CPU.Build.0 = Release|Any CPU
		{491E705E-874D-45A3-980A-890FFDA536B4}.Debug|Any CPU.ActiveCfg = Debug|Any CPU
		{491E705E-874D-45A3-980A-890FFDA536B4}.Debug|Any CPU.Build.0 = Debug|Any CPU
		{491E705E-874D-45A3-980A-890FFDA536B4}.Release|Any CPU.ActiveCfg = Release|Any CPU
		{491E705E-874D-45A3-980A-890FFDA536B4}.Release|Any CPU.Build.0 = Release|Any CPU
		{8FB14DCD-3052-45FA-9779-74F1F9AA02B0}.Debug|Any CPU.ActiveCfg = Debug|Any CPU
		{8FB14DCD-3052-45FA-9779-74F1F9AA02B0}.Debug|Any CPU.Build.0 = Debug|Any CPU
		{8FB14DCD-3052-45FA-9779-74F1F9AA02B0}.Release|Any CPU.ActiveCfg = Release|Any CPU
		{8FB14DCD-3052-45FA-9779-74F1F9AA02B0}.Release|Any CPU.Build.0 = Release|Any CPU
		{C50C5D1B-B3C4-4AEB-9AE2-B474D6F50C4F}.Debug|Any CPU.ActiveCfg = Debug|Any CPU
		{C50C5D1B-B3C4-4AEB-9AE2-B474D6F50C4F}.Debug|Any CPU.Build.0 = Debug|Any CPU
		{C50C5D1B-B3C4-4AEB-9AE2-B474D6F50C4F}.Release|Any CPU.ActiveCfg = Release|Any CPU
		{C50C5D1B-B3C4-4AEB-9AE2-B474D6F50C4F}.Release|Any CPU.Build.0 = Release|Any CPU
	EndGlobalSection
	GlobalSection(SolutionProperties) = preSolution
		HideSolutionNode = FALSE
	EndGlobalSection
	GlobalSection(ExtensibilityGlobals) = postSolution
		SolutionGuid = {B6BEA91F-B801-4000-B7EE-A6EB9BAF0237}
	EndGlobalSection
EndGlobal
